
Microsoft Visual Studio Solution File, Format Version 12.00
# Visual Studio 15
Project("{FAE04EC0-301F-11D3-BF4B-00C04F79EFBC}") = "ekipage", "ekipage.csproj", "{5645370D-EFF1-441E-99C5-DC5C7B70F1C2}"
EndProject
Global
	GlobalSection(SolutionConfigurationPlatforms) = preSolution
		Debug|Any CPU = Debug|Any CPU
		Release|Any CPU = Release|Any CPU
	EndGlobalSection
	GlobalSection(ProjectConfigurationPlatforms) = postSolution
		{5645370D-EFF1-441E-99C5-DC5C7B70F1C2}.Debug|Any CPU.ActiveCfg = Debug|Any CPU
		{5645370D-EFF1-441E-99C5-DC5C7B70F1C2}.Debug|Any CPU.Build.0 = Debug|Any CPU
		{5645370D-EFF1-441E-99C5-DC5C7B70F1C2}.Release|Any CPU.ActiveCfg = Release|Any CPU
		{5645370D-EFF1-441E-99C5-DC5C7B70F1C2}.Release|Any CPU.Build.0 = Release|Any CPU
	EndGlobalSection
EndGlobal
